// !$*UTF8*$!
{
	archiveVersion = 1;
	classes = {
	};
	objectVersion = 55;
	objects = {

/* Begin PBXBuildFile section */
		35EF864F27B6A49B001014CD /* AppDelegate.swift in Sources */ = {isa = PBXBuildFile; fileRef = 35EF864E27B6A49B001014CD /* AppDelegate.swift */; };
		35EF865127B6A49B001014CD /* SceneDelegate.swift in Sources */ = {isa = PBXBuildFile; fileRef = 35EF865027B6A49B001014CD /* SceneDelegate.swift */; };
		35EF865327B6A49B001014CD /* ViewController.swift in Sources */ = {isa = PBXBuildFile; fileRef = 35EF865227B6A49B001014CD /* ViewController.swift */; };
		35EF865627B6A49B001014CD /* Main.storyboard in Resources */ = {isa = PBXBuildFile; fileRef = 35EF865427B6A49B001014CD /* Main.storyboard */; };
		35EF865827B6A49D001014CD /* Assets.xcassets in Resources */ = {isa = PBXBuildFile; fileRef = 35EF865727B6A49D001014CD /* Assets.xcassets */; };
		35EF865B27B6A49D001014CD /* LaunchScreen.storyboard in Resources */ = {isa = PBXBuildFile; fileRef = 35EF865927B6A49D001014CD /* LaunchScreen.storyboard */; };
		35EF866627B6A49D001014CD /* PasswordHackerTests.swift in Sources */ = {isa = PBXBuildFile; fileRef = 35EF866527B6A49D001014CD /* PasswordHackerTests.swift */; };
		35EF867027B6A49D001014CD /* PasswordHackerUITests.swift in Sources */ = {isa = PBXBuildFile; fileRef = 35EF866F27B6A49D001014CD /* PasswordHackerUITests.swift */; };
		35EF867227B6A49D001014CD /* PasswordHackerUITestsLaunchTests.swift in Sources */ = {isa = PBXBuildFile; fileRef = 35EF867127B6A49D001014CD /* PasswordHackerUITestsLaunchTests.swift */; };
/* End PBXBuildFile section */

/* Begin PBXContainerItemProxy section */
		35EF866227B6A49D001014CD /* PBXContainerItemProxy */ = {
			isa = PBXContainerItemProxy;
			containerPortal = 35EF864327B6A49B001014CD /* Project object */;
			proxyType = 1;
			remoteGlobalIDString = 35EF864A27B6A49B001014CD;
			remoteInfo = PasswordHacker;
		};
		35EF866C27B6A49D001014CD /* PBXContainerItemProxy */ = {
			isa = PBXContainerItemProxy;
			containerPortal = 35EF864327B6A49B001014CD /* Project object */;
			proxyType = 1;
			remoteGlobalIDString = 35EF864A27B6A49B001014CD;
			remoteInfo = PasswordHacker;
		};
/* End PBXContainerItemProxy section */

/* Begin PBXFileReference section */
		35EF864B27B6A49B001014CD /* PasswordHacker.app */ = {isa = PBXFileReference; explicitFileType = wrapper.application; includeInIndex = 0; path = PasswordHacker.app; sourceTree = BUILT_PRODUCTS_DIR; };
		35EF864E27B6A49B001014CD /* AppDelegate.swift */ = {isa = PBXFileReference; lastKnownFileType = sourcecode.swift; path = AppDelegate.swift; sourceTree = "<group>"; };
		35EF865027B6A49B001014CD /* SceneDelegate.swift */ = {isa = PBXFileReference; lastKnownFileType = sourcecode.swift; path = SceneDelegate.swift; sourceTree = "<group>"; };
		35EF865227B6A49B001014CD /* ViewController.swift */ = {isa = PBXFileReference; lastKnownFileType = sourcecode.swift; path = ViewController.swift; sourceTree = "<group>"; };
		35EF865527B6A49B001014CD /* Base */ = {isa = PBXFileReference; lastKnownFileType = file.storyboard; name = Base; path = Base.lproj/Main.storyboard; sourceTree = "<group>"; };
		35EF865727B6A49D001014CD /* Assets.xcassets */ = {isa = PBXFileReference; lastKnownFileType = folder.assetcatalog; path = Assets.xcassets; sourceTree = "<group>"; };
		35EF865A27B6A49D001014CD /* Base */ = {isa = PBXFileReference; lastKnownFileType = file.storyboard; name = Base; path = Base.lproj/LaunchScreen.storyboard; sourceTree = "<group>"; };
		35EF865C27B6A49D001014CD /* Info.plist */ = {isa = PBXFileReference; lastKnownFileType = text.plist.xml; path = Info.plist; sourceTree = "<group>"; };
		35EF866127B6A49D001014CD /* PasswordHackerTests.xctest */ = {isa = PBXFileReference; explicitFileType = wrapper.cfbundle; includeInIndex = 0; path = PasswordHackerTests.xctest; sourceTree = BUILT_PRODUCTS_DIR; };
		35EF866527B6A49D001014CD /* PasswordHackerTests.swift */ = {isa = PBXFileReference; lastKnownFileType = sourcecode.swift; path = PasswordHackerTests.swift; sourceTree = "<group>"; };
		35EF866B27B6A49D001014CD /* PasswordHackerUITests.xctest */ = {isa = PBXFileReference; explicitFileType = wrapper.cfbundle; includeInIndex = 0; path = PasswordHackerUITests.xctest; sourceTree = BUILT_PRODUCTS_DIR; };
		35EF866F27B6A49D001014CD /* PasswordHackerUITests.swift */ = {isa = PBXFileReference; lastKnownFileType = sourcecode.swift; path = PasswordHackerUITests.swift; sourceTree = "<group>"; };
		35EF867127B6A49D001014CD /* PasswordHackerUITestsLaunchTests.swift */ = {isa = PBXFileReference; lastKnownFileType = sourcecode.swift; path = PasswordHackerUITestsLaunchTests.swift; sourceTree = "<group>"; };
/* End PBXFileReference section */

/* Begin PBXFrameworksBuildPhase section */
		35EF864827B6A49B001014CD /* Frameworks */ = {
			isa = PBXFrameworksBuildPhase;
			buildActionMask = 2147483647;
			files = (
			);
			runOnlyForDeploymentPostprocessing = 0;
		};
		35EF865E27B6A49D001014CD /* Frameworks */ = {
			isa = PBXFrameworksBuildPhase;
			buildActionMask = 2147483647;
			files = (
			);
			runOnlyForDeploymentPostprocessing = 0;
		};
		35EF866827B6A49D001014CD /* Frameworks */ = {
			isa = PBXFrameworksBuildPhase;
			buildActionMask = 2147483647;
			files = (
			);
			runOnlyForDeploymentPostprocessing = 0;
		};
/* End PBXFrameworksBuildPhase section */

/* Begin PBXGroup section */
		35EF864227B6A49B001014CD = {
			isa = PBXGroup;
			children = (
				35EF864D27B6A49B001014CD /* PasswordHacker */,
				35EF866427B6A49D001014CD /* PasswordHackerTests */,
				35EF866E27B6A49D001014CD /* PasswordHackerUITests */,
				35EF864C27B6A49B001014CD /* Products */,
			);
			sourceTree = "<group>";
		};
		35EF864C27B6A49B001014CD /* Products */ = {
			isa = PBXGroup;
			children = (
				35EF864B27B6A49B001014CD /* PasswordHacker.app */,
				35EF866127B6A49D001014CD /* PasswordHackerTests.xctest */,
				35EF866B27B6A49D001014CD /* PasswordHackerUITests.xctest */,
			);
			name = Products;
			sourceTree = "<group>";
		};
		35EF864D27B6A49B001014CD /* PasswordHacker */ = {
			isa = PBXGroup;
			children = (
				35EF864E27B6A49B001014CD /* AppDelegate.swift */,
				35EF865027B6A49B001014CD /* SceneDelegate.swift */,
				35EF865227B6A49B001014CD /* ViewController.swift */,
				35EF865427B6A49B001014CD /* Main.storyboard */,
				35EF865727B6A49D001014CD /* Assets.xcassets */,
				35EF865927B6A49D001014CD /* LaunchScreen.storyboard */,
				35EF865C27B6A49D001014CD /* Info.plist */,
			);
			path = PasswordHacker;
			sourceTree = "<group>";
		};
		35EF866427B6A49D001014CD /* PasswordHackerTests */ = {
			isa = PBXGroup;
			children = (
				35EF866527B6A49D001014CD /* PasswordHackerTests.swift */,
			);
			path = PasswordHackerTests;
			sourceTree = "<group>";
		};
		35EF866E27B6A49D001014CD /* PasswordHackerUITests */ = {
			isa = PBXGroup;
			children = (
				35EF866F27B6A49D001014CD /* PasswordHackerUITests.swift */,
				35EF867127B6A49D001014CD /* PasswordHackerUITestsLaunchTests.swift */,
			);
			path = PasswordHackerUITests;
			sourceTree = "<group>";
		};
/* End PBXGroup section */

/* Begin PBXNativeTarget section */
		35EF864A27B6A49B001014CD /* PasswordHacker */ = {
			isa = PBXNativeTarget;
			buildConfigurationList = 35EF867527B6A49D001014CD /* Build configuration list for PBXNativeTarget "PasswordHacker" */;
			buildPhases = (
				35EF864727B6A49B001014CD /* Sources */,
				35EF864827B6A49B001014CD /* Frameworks */,
				35EF864927B6A49B001014CD /* Resources */,
			);
			buildRules = (
			);
			dependencies = (
			);
			name = PasswordHacker;
			productName = PasswordHacker;
			productReference = 35EF864B27B6A49B001014CD /* PasswordHacker.app */;
			productType = "com.apple.product-type.application";
		};
		35EF866027B6A49D001014CD /* PasswordHackerTests */ = {
			isa = PBXNativeTarget;
			buildConfigurationList = 35EF867827B6A49D001014CD /* Build configuration list for PBXNativeTarget "PasswordHackerTests" */;
			buildPhases = (
				35EF865D27B6A49D001014CD /* Sources */,
				35EF865E27B6A49D001014CD /* Frameworks */,
				35EF865F27B6A49D001014CD /* Resources */,
			);
			buildRules = (
			);
			dependencies = (
				35EF866327B6A49D001014CD /* PBXTargetDependency */,
			);
			name = PasswordHackerTests;
			productName = PasswordHackerTests;
			productReference = 35EF866127B6A49D001014CD /* PasswordHackerTests.xctest */;
			productType = "com.apple.product-type.bundle.unit-test";
		};
		35EF866A27B6A49D001014CD /* PasswordHackerUITests */ = {
			isa = PBXNativeTarget;
			buildConfigurationList = 35EF867B27B6A49D001014CD /* Build configuration list for PBXNativeTarget "PasswordHackerUITests" */;
			buildPhases = (
				35EF866727B6A49D001014CD /* Sources */,
				35EF866827B6A49D001014CD /* Frameworks */,
				35EF866927B6A49D001014CD /* Resources */,
			);
			buildRules = (
			);
			dependencies = (
				35EF866D27B6A49D001014CD /* PBXTargetDependency */,
			);
			name = PasswordHackerUITests;
			productName = PasswordHackerUITests;
			productReference = 35EF866B27B6A49D001014CD /* PasswordHackerUITests.xctest */;
			productType = "com.apple.product-type.bundle.ui-testing";
		};
/* End PBXNativeTarget section */

/* Begin PBXProject section */
		35EF864327B6A49B001014CD /* Project object */ = {
			isa = PBXProject;
			attributes = {
				BuildIndependentTargetsInParallel = 1;
				LastSwiftUpdateCheck = 1320;
				LastUpgradeCheck = 1320;
				TargetAttributes = {
					35EF864A27B6A49B001014CD = {
						CreatedOnToolsVersion = 13.2.1;
					};
					35EF866027B6A49D001014CD = {
						CreatedOnToolsVersion = 13.2.1;
						TestTargetID = 35EF864A27B6A49B001014CD;
					};
					35EF866A27B6A49D001014CD = {
						CreatedOnToolsVersion = 13.2.1;
						TestTargetID = 35EF864A27B6A49B001014CD;
					};
				};
			};
			buildConfigurationList = 35EF864627B6A49B001014CD /* Build configuration list for PBXProject "PasswordHacker" */;
			compatibilityVersion = "Xcode 13.0";
			developmentRegion = en;
			hasScannedForEncodings = 0;
			knownRegions = (
				en,
				Base,
			);
			mainGroup = 35EF864227B6A49B001014CD;
			productRefGroup = 35EF864C27B6A49B001014CD /* Products */;
			projectDirPath = "";
			projectRoot = "";
			targets = (
				35EF864A27B6A49B001014CD /* PasswordHacker */,
				35EF866027B6A49D001014CD /* PasswordHackerTests */,
				35EF866A27B6A49D001014CD /* PasswordHackerUITests */,
			);
		};
/* End PBXProject section */

/* Begin PBXResourcesBuildPhase section */
		35EF864927B6A49B001014CD /* Resources */ = {
			isa = PBXResourcesBuildPhase;
			buildActionMask = 2147483647;
			files = (
				35EF865B27B6A49D001014CD /* LaunchScreen.storyboard in Resources */,
				35EF865827B6A49D001014CD /* Assets.xcassets in Resources */,
				35EF865627B6A49B001014CD /* Main.storyboard in Resources */,
			);
			runOnlyForDeploymentPostprocessing = 0;
		};
		35EF865F27B6A49D001014CD /* Resources */ = {
			isa = PBXResourcesBuildPhase;
			buildActionMask = 2147483647;
			files = (
			);
			runOnlyForDeploymentPostprocessing = 0;
		};
		35EF866927B6A49D001014CD /* Resources */ = {
			isa = PBXResourcesBuildPhase;
			buildActionMask = 2147483647;
			files = (
			);
			runOnlyForDeploymentPostprocessing = 0;
		};
/* End PBXResourcesBuildPhase section */

/* Begin PBXSourcesBuildPhase section */
		35EF864727B6A49B001014CD /* Sources */ = {
			isa = PBXSourcesBuildPhase;
			buildActionMask = 2147483647;
			files = (
				35EF865327B6A49B001014CD /* ViewController.swift in Sources */,
				35EF864F27B6A49B001014CD /* AppDelegate.swift in Sources */,
				35EF865127B6A49B001014CD /* SceneDelegate.swift in Sources */,
			);
			runOnlyForDeploymentPostprocessing = 0;
		};
		35EF865D27B6A49D001014CD /* Sources */ = {
			isa = PBXSourcesBuildPhase;
			buildActionMask = 2147483647;
			files = (
				35EF866627B6A49D001014CD /* PasswordHackerTests.swift in Sources */,
			);
			runOnlyForDeploymentPostprocessing = 0;
		};
		35EF866727B6A49D001014CD /* Sources */ = {
			isa = PBXSourcesBuildPhase;
			buildActionMask = 2147483647;
			files = (
				35EF867027B6A49D001014CD /* PasswordHackerUITests.swift in Sources */,
				35EF867227B6A49D001014CD /* PasswordHackerUITestsLaunchTests.swift in Sources */,
			);
			runOnlyForDeploymentPostprocessing = 0;
		};
/* End PBXSourcesBuildPhase section */

/* Begin PBXTargetDependency section */
		35EF866327B6A49D001014CD /* PBXTargetDependency */ = {
			isa = PBXTargetDependency;
			target = 35EF864A27B6A49B001014CD /* PasswordHacker */;
			targetProxy = 35EF866227B6A49D001014CD /* PBXContainerItemProxy */;
		};
		35EF866D27B6A49D001014CD /* PBXTargetDependency */ = {
			isa = PBXTargetDependency;
			target = 35EF864A27B6A49B001014CD /* PasswordHacker */;
			targetProxy = 35EF866C27B6A49D001014CD /* PBXContainerItemProxy */;
		};
/* End PBXTargetDependency section */

/* Begin PBXVariantGroup section */
		35EF865427B6A49B001014CD /* Main.storyboard */ = {
			isa = PBXVariantGroup;
			children = (
				35EF865527B6A49B001014CD /* Base */,
			);
			name = Main.storyboard;
			sourceTree = "<group>";
		};
		35EF865927B6A49D001014CD /* LaunchScreen.storyboard */ = {
			isa = PBXVariantGroup;
			children = (
				35EF865A27B6A49D001014CD /* Base */,
			);
			name = LaunchScreen.storyboard;
			sourceTree = "<group>";
		};
/* End PBXVariantGroup section */

/* Begin XCBuildConfiguration section */
		35EF867327B6A49D001014CD /* Debug */ = {
			isa = XCBuildConfiguration;
			buildSettings = {
				ALWAYS_SEARCH_USER_PATHS = NO;
				CLANG_ANALYZER_NONNULL = YES;
				CLANG_ANALYZER_NUMBER_OBJECT_CONVERSION = YES_AGGRESSIVE;
				CLANG_CXX_LANGUAGE_STANDARD = "gnu++17";
				CLANG_CXX_LIBRARY = "libc++";
				CLANG_ENABLE_MODULES = YES;
				CLANG_ENABLE_OBJC_ARC = YES;
				CLANG_ENABLE_OBJC_WEAK = YES;
				CLANG_WARN_BLOCK_CAPTURE_AUTORELEASING = YES;
				CLANG_WARN_BOOL_CONVERSION = YES;
				CLANG_WARN_COMMA = YES;
				CLANG_WARN_CONSTANT_CONVERSION = YES;
				CLANG_WARN_DEPRECATED_OBJC_IMPLEMENTATIONS = YES;
				CLANG_WARN_DIRECT_OBJC_ISA_USAGE = YES_ERROR;
				CLANG_WARN_DOCUMENTATION_COMMENTS = YES;
				CLANG_WARN_EMPTY_BODY = YES;
				CLANG_WARN_ENUM_CONVERSION = YES;
				CLANG_WARN_INFINITE_RECURSION = YES;
				CLANG_WARN_INT_CONVERSION = YES;
				CLANG_WARN_NON_LITERAL_NULL_CONVERSION = YES;
				CLANG_WARN_OBJC_IMPLICIT_RETAIN_SELF = YES;
				CLANG_WARN_OBJC_LITERAL_CONVERSION = YES;
				CLANG_WARN_OBJC_ROOT_CLASS = YES_ERROR;
				CLANG_WARN_QUOTED_INCLUDE_IN_FRAMEWORK_HEADER = YES;
				CLANG_WARN_RANGE_LOOP_ANALYSIS = YES;
				CLANG_WARN_STRICT_PROTOTYPES = YES;
				CLANG_WARN_SUSPICIOUS_MOVE = YES;
				CLANG_WARN_UNGUARDED_AVAILABILITY = YES_AGGRESSIVE;
				CLANG_WARN_UNREACHABLE_CODE = YES;
				CLANG_WARN__DUPLICATE_METHOD_MATCH = YES;
				COPY_PHASE_STRIP = NO;
				DEBUG_INFORMATION_FORMAT = dwarf;
				ENABLE_STRICT_OBJC_MSGSEND = YES;
				ENABLE_TESTABILITY = YES;
				GCC_C_LANGUAGE_STANDARD = gnu11;
				GCC_DYNAMIC_NO_PIC = NO;
				GCC_NO_COMMON_BLOCKS = YES;
				GCC_OPTIMIZATION_LEVEL = 0;
				GCC_PREPROCESSOR_DEFINITIONS = (
					"DEBUG=1",
					"$(inherited)",
				);
				GCC_WARN_64_TO_32_BIT_CONVERSION = YES;
				GCC_WARN_ABOUT_RETURN_TYPE = YES_ERROR;
				GCC_WARN_UNDECLARED_SELECTOR = YES;
				GCC_WARN_UNINITIALIZED_AUTOS = YES_AGGRESSIVE;
				GCC_WARN_UNUSED_FUNCTION = YES;
				GCC_WARN_UNUSED_VARIABLE = YES;
				IPHONEOS_DEPLOYMENT_TARGET = 15.2;
				MTL_ENABLE_DEBUG_INFO = INCLUDE_SOURCE;
				MTL_FAST_MATH = YES;
				ONLY_ACTIVE_ARCH = YES;
				SDKROOT = iphoneos;
				SWIFT_ACTIVE_COMPILATION_CONDITIONS = DEBUG;
				SWIFT_OPTIMIZATION_LEVEL = "-Onone";
			};
			name = Debug;
		};
		35EF867427B6A49D001014CD /* Release */ = {
			isa = XCBuildConfiguration;
			buildSettings = {
				ALWAYS_SEARCH_USER_PATHS = NO;
				CLANG_ANALYZER_NONNULL = YES;
				CLANG_ANALYZER_NUMBER_OBJECT_CONVERSION = YES_AGGRESSIVE;
				CLANG_CXX_LANGUAGE_STANDARD = "gnu++17";
				CLANG_CXX_LIBRARY = "libc++";
				CLANG_ENABLE_MODULES = YES;
				CLANG_ENABLE_OBJC_ARC = YES;
				CLANG_ENABLE_OBJC_WEAK = YES;
				CLANG_WARN_BLOCK_CAPTURE_AUTORELEASING = YES;
				CLANG_WARN_BOOL_CONVERSION = YES;
				CLANG_WARN_COMMA = YES;
				CLANG_WARN_CONSTANT_CONVERSION = YES;
				CLANG_WARN_DEPRECATED_OBJC_IMPLEMENTATIONS = YES;
				CLANG_WARN_DIRECT_OBJC_ISA_USAGE = YES_ERROR;
				CLANG_WARN_DOCUMENTATION_COMMENTS = YES;
				CLANG_WARN_EMPTY_BODY = YES;
				CLANG_WARN_ENUM_CONVERSION = YES;
				CLANG_WARN_INFINITE_RECURSION = YES;
				CLANG_WARN_INT_CONVERSION = YES;
				CLANG_WARN_NON_LITERAL_NULL_CONVERSION = YES;
				CLANG_WARN_OBJC_IMPLICIT_RETAIN_SELF = YES;
				CLANG_WARN_OBJC_LITERAL_CONVERSION = YES;
				CLANG_WARN_OBJC_ROOT_CLASS = YES_ERROR;
				CLANG_WARN_QUOTED_INCLUDE_IN_FRAMEWORK_HEADER = YES;
				CLANG_WARN_RANGE_LOOP_ANALYSIS = YES;
				CLANG_WARN_STRICT_PROTOTYPES = YES;
				CLANG_WARN_SUSPICIOUS_MOVE = YES;
				CLANG_WARN_UNGUARDED_AVAILABILITY = YES_AGGRESSIVE;
				CLANG_WARN_UNREACHABLE_CODE = YES;
				CLANG_WARN__DUPLICATE_METHOD_MATCH = YES;
				COPY_PHASE_STRIP = NO;
				DEBUG_INFORMATION_FORMAT = "dwarf-with-dsym";
				ENABLE_NS_ASSERTIONS = NO;
				ENABLE_STRICT_OBJC_MSGSEND = YES;
				GCC_C_LANGUAGE_STANDARD = gnu11;
				GCC_NO_COMMON_BLOCKS = YES;
				GCC_WARN_64_TO_32_BIT_CONVERSION = YES;
				GCC_WARN_ABOUT_RETURN_TYPE = YES_ERROR;
				GCC_WARN_UNDECLARED_SELECTOR = YES;
				GCC_WARN_UNINITIALIZED_AUTOS = YES_AGGRESSIVE;
				GCC_WARN_UNUSED_FUNCTION = YES;
				GCC_WARN_UNUSED_VARIABLE = YES;
				IPHONEOS_DEPLOYMENT_TARGET = 15.2;
				MTL_ENABLE_DEBUG_INFO = NO;
				MTL_FAST_MATH = YES;
				SDKROOT = iphoneos;
				SWIFT_COMPILATION_MODE = wholemodule;
				SWIFT_OPTIMIZATION_LEVEL = "-O";
				VALIDATE_PRODUCT = YES;
			};
			name = Release;
		};
		35EF867627B6A49D001014CD /* Debug */ = {
			isa = XCBuildConfiguration;
			buildSettings = {
				ASSETCATALOG_COMPILER_APPICON_NAME = AppIcon;
				ASSETCATALOG_COMPILER_GLOBAL_ACCENT_COLOR_NAME = AccentColor;
				CODE_SIGN_STYLE = Automatic;
				CURRENT_PROJECT_VERSION = 1;
				GENERATE_INFOPLIST_FILE = YES;
				INFOPLIST_FILE = PasswordHacker/Info.plist;
				INFOPLIST_KEY_UIApplicationSupportsIndirectInputEvents = YES;
				INFOPLIST_KEY_UILaunchStoryboardName = LaunchScreen;
				INFOPLIST_KEY_UIMainStoryboardFile = Main;
				INFOPLIST_KEY_UISupportedInterfaceOrientations_iPad = "UIInterfaceOrientationPortrait UIInterfaceOrientationPortraitUpsideDown UIInterfaceOrientationLandscapeLeft UIInterfaceOrientationLandscapeRight";
				INFOPLIST_KEY_UISupportedInterfaceOrientations_iPhone = "UIInterfaceOrientationPortrait UIInterfaceOrientationLandscapeLeft UIInterfaceOrientationLandscapeRight";
				LD_RUNPATH_SEARCH_PATHS = (
					"$(inherited)",
					"@executable_path/Frameworks",
				);
				MARKETING_VERSION = 1.0;
				PRODUCT_BUNDLE_IDENTIFIER = app.hori.tomo.PasswordHacker;
				PRODUCT_NAME = "$(TARGET_NAME)";
				SWIFT_EMIT_LOC_STRINGS = YES;
				SWIFT_VERSION = 5.0;
				TARGETED_DEVICE_FAMILY = "1,2";
			};
			name = Debug;
		};
		35EF867727B6A49D001014CD /* Release */ = {
			isa = XCBuildConfiguration;
			buildSettings = {
				ASSETCATALOG_COMPILER_APPICON_NAME = AppIcon;
				ASSETCATALOG_COMPILER_GLOBAL_ACCENT_COLOR_NAME = AccentColor;
				CODE_SIGN_STYLE = Automatic;
				CURRENT_PROJECT_VERSION = 1;
				GENERATE_INFOPLIST_FILE = YES;
				INFOPLIST_FILE = PasswordHacker/Info.plist;
				INFOPLIST_KEY_UIApplicationSupportsIndirectInputEvents = YES;
				INFOPLIST_KEY_UILaunchStoryboardName = LaunchScreen;
				INFOPLIST_KEY_UIMainStoryboardFile = Main;
				INFOPLIST_KEY_UISupportedInterfaceOrientations_iPad = "UIInterfaceOrientationPortrait UIInterfaceOrientationPortraitUpsideDown UIInterfaceOrientationLandscapeLeft UIInterfaceOrientationLandscapeRight";
				INFOPLIST_KEY_UISupportedInterfaceOrientations_iPhone = "UIInterfaceOrientationPortrait UIInterfaceOrientationLandscapeLeft UIInterfaceOrientationLandscapeRight";
				LD_RUNPATH_SEARCH_PATHS = (
					"$(inherited)",
					"@executable_path/Frameworks",
				);
				MARKETING_VERSION = 1.0;
				PRODUCT_BUNDLE_IDENTIFIER = app.hori.tomo.PasswordHacker;
				PRODUCT_NAME = "$(TARGET_NAME)";
				SWIFT_EMIT_LOC_STRINGS = YES;
				SWIFT_VERSION = 5.0;
				TARGETED_DEVICE_FAMILY = "1,2";
			};
			name = Release;
		};
		35EF867927B6A49D001014CD /* Debug */ = {
			isa = XCBuildConfiguration;
			buildSettings = {
				ALWAYS_EMBED_SWIFT_STANDARD_LIBRARIES = YES;
				BUNDLE_LOADER = "$(TEST_HOST)";
				CODE_SIGN_STYLE = Automatic;
				CURRENT_PROJECT_VERSION = 1;
				GENERATE_INFOPLIST_FILE = YES;
				IPHONEOS_DEPLOYMENT_TARGET = 15.2;
				MARKETING_VERSION = 1.0;
				PRODUCT_BUNDLE_IDENTIFIER = app.hori.tomo.PasswordHackerTests;
				PRODUCT_NAME = "$(TARGET_NAME)";
				SWIFT_EMIT_LOC_STRINGS = NO;
				SWIFT_VERSION = 5.0;
				TARGETED_DEVICE_FAMILY = "1,2";
				TEST_HOST = "$(BUILT_PRODUCTS_DIR)/PasswordHacker.app/PasswordHacker";
			};
			name = Debug;
		};
		35EF867A27B6A49D001014CD /* Release */ = {
			isa = XCBuildConfiguration;
			buildSettings = {
				ALWAYS_EMBED_SWIFT_STANDARD_LIBRARIES = YES;
				BUNDLE_LOADER = "$(TEST_HOST)";
				CODE_SIGN_STYLE = Automatic;
				CURRENT_PROJECT_VERSION = 1;
				GENERATE_INFOPLIST_FILE = YES;
				IPHONEOS_DEPLOYMENT_TARGET = 15.2;
				MARKETING_VERSION = 1.0;
				PRODUCT_BUNDLE_IDENTIFIER = app.hori.tomo.PasswordHackerTests;
				PRODUCT_NAME = "$(TARGET_NAME)";
				SWIFT_EMIT_LOC_STRINGS = NO;
				SWIFT_VERSION = 5.0;
				TARGETED_DEVICE_FAMILY = "1,2";
				TEST_HOST = "$(BUILT_PRODUCTS_DIR)/PasswordHacker.app/PasswordHacker";
			};
			name = Release;
		};
		35EF867C27B6A49D001014CD /* Debug */ = {
			isa = XCBuildConfiguration;
			buildSettings = {
				ALWAYS_EMBED_SWIFT_STANDARD_LIBRARIES = YES;
				CODE_SIGN_STYLE = Automatic;
				CURRENT_PROJECT_VERSION = 1;
				GENERATE_INFOPLIST_FILE = YES;
				MARKETING_VERSION = 1.0;
				PRODUCT_BUNDLE_IDENTIFIER = app.hori.tomo.PasswordHackerUITests;
				PRODUCT_NAME = "$(TARGET_NAME)";
				SWIFT_EMIT_LOC_STRINGS = NO;
				SWIFT_VERSION = 5.0;
				TARGETED_DEVICE_FAMILY = "1,2";
				TEST_TARGET_NAME = PasswordHacker;
			};
			name = Debug;
		};
		35EF867D27B6A49D001014CD /* Release */ = {
			isa = XCBuildConfiguration;
			buildSettings = {
				ALWAYS_EMBED_SWIFT_STANDARD_LIBRARIES = YES;
				CODE_SIGN_STYLE = Automatic;
				CURRENT_PROJECT_VERSION = 1;
				GENERATE_INFOPLIST_FILE = YES;
				MARKETING_VERSION = 1.0;
				PRODUCT_BUNDLE_IDENTIFIER = app.hori.tomo.PasswordHackerUITests;
				PRODUCT_NAME = "$(TARGET_NAME)";
				SWIFT_EMIT_LOC_STRINGS = NO;
				SWIFT_VERSION = 5.0;
				TARGETED_DEVICE_FAMILY = "1,2";
				TEST_TARGET_NAME = PasswordHacker;
			};
			name = Release;
		};
/* End XCBuildConfiguration section */

/* Begin XCConfigurationList section */
		35EF864627B6A49B001014CD /* Build configuration list for PBXProject "PasswordHacker" */ = {
			isa = XCConfigurationList;
			buildConfigurations = (
				35EF867327B6A49D001014CD /* Debug */,
				35EF867427B6A49D001014CD /* Release */,
			);
			defaultConfigurationIsVisible = 0;
			defaultConfigurationName = Release;
		};
		35EF867527B6A49D001014CD /* Build configuration list for PBXNativeTarget "PasswordHacker" */ = {
			isa = XCConfigurationList;
			buildConfigurations = (
				35EF867627B6A49D001014CD /* Debug */,
				35EF867727B6A49D001014CD /* Release */,
			);
			defaultConfigurationIsVisible = 0;
			defaultConfigurationName = Release;
		};
		35EF867827B6A49D001014CD /* Build configuration list for PBXNativeTarget "PasswordHackerTests" */ = {
			isa = XCConfigurationList;
			buildConfigurations = (
				35EF867927B6A49D001014CD /* Debug */,
				35EF867A27B6A49D001014CD /* Release */,
			);
			defaultConfigurationIsVisible = 0;
			defaultConfigurationName = Release;
		};
		35EF867B27B6A49D001014CD /* Build configuration list for PBXNativeTarget "PasswordHackerUITests" */ = {
			isa = XCConfigurationList;
			buildConfigurations = (
				35EF867C27B6A49D001014CD /* Debug */,
				35EF867D27B6A49D001014CD /* Release */,
			);
			defaultConfigurationIsVisible = 0;
			defaultConfigurationName = Release;
		};
/* End XCConfigurationList section */
	};
	rootObject = 35EF864327B6A49B001014CD /* Project object */;
}
